// !$*UTF8*$!
{
	archiveVersion = 1;
	classes = {
	};
	objectVersion = 46;
	objects = {

/* Begin PBXBuildFile section */
		FF423E971B88635A003487B7 /* TrainTableViewCell.swift in Sources */ = {isa = PBXBuildFile; fileRef = FF423E961B88635A003487B7 /* TrainTableViewCell.swift */; };
		FF423E9A1B889B84003487B7 /* BoardingBusPass.swift in Sources */ = {isa = PBXBuildFile; fileRef = FF423E991B889B84003487B7 /* BoardingBusPass.swift */; };
		FF423E9D1B889BA8003487B7 /* BoardingPlanePass.swift in Sources */ = {isa = PBXBuildFile; fileRef = FF423E9C1B889BA8003487B7 /* BoardingPlanePass.swift */; };
		FF423EA11B89C53E003487B7 /* AnyBoardingPass.swift in Sources */ = {isa = PBXBuildFile; fileRef = FF423EA01B89C53E003487B7 /* AnyBoardingPass.swift */; };
		FF83023D1B16230000D1635B /* ListViewController.swift in Sources */ = {isa = PBXBuildFile; fileRef = FF83023C1B16230000D1635B /* ListViewController.swift */; };
		FF8302411B162CD600D1635B /* PassTableViewAdapter.swift in Sources */ = {isa = PBXBuildFile; fileRef = FF8302401B162CD600D1635B /* PassTableViewAdapter.swift */; };
		FF8302431B162D8100D1635B /* TableViewAdapter.swift in Sources */ = {isa = PBXBuildFile; fileRef = FF8302421B162D8100D1635B /* TableViewAdapter.swift */; };
		FFA1F9761AD2971200F4F66E /* BoardingPassType.swift in Sources */ = {isa = PBXBuildFile; fileRef = FFA1F9751AD2971200F4F66E /* BoardingPassType.swift */; };
		FFA7B8DA1B273FA5000C6A47 /* Section.swift in Sources */ = {isa = PBXBuildFile; fileRef = FFA7B8D61B273FA5000C6A47 /* Section.swift */; };
		FFA7B8DB1B273FA5000C6A47 /* SectionedDataSource.swift in Sources */ = {isa = PBXBuildFile; fileRef = FFA7B8D71B273FA5000C6A47 /* SectionedDataSource.swift */; };
		FFA7B8DC1B273FA5000C6A47 /* TableViewDataSource.swift in Sources */ = {isa = PBXBuildFile; fileRef = FFA7B8D81B273FA5000C6A47 /* TableViewDataSource.swift */; };
		FFB3A3861AB817570012DB92 /* AppDelegate.swift in Sources */ = {isa = PBXBuildFile; fileRef = FFB3A3851AB817570012DB92 /* AppDelegate.swift */; };
		FFB3A38D1AB817570012DB92 /* Images.xcassets in Resources */ = {isa = PBXBuildFile; fileRef = FFB3A38C1AB817570012DB92 /* Images.xcassets */; };
		FFF4C53B1AE66CCA00531021 /* BoardingPassGenerator.swift in Sources */ = {isa = PBXBuildFile; fileRef = FFF4C53A1AE66CCA00531021 /* BoardingPassGenerator.swift */; };
		FFF4C53E1AE66CEF00531021 /* BoardingPassGeneratorTests.swift in Sources */ = {isa = PBXBuildFile; fileRef = FFF4C53D1AE66CEF00531021 /* BoardingPassGeneratorTests.swift */; };
		FFF4C5401AE6A6EC00531021 /* BoardingPassSorterTests.swift in Sources */ = {isa = PBXBuildFile; fileRef = FFF4C53F1AE6A6EC00531021 /* BoardingPassSorterTests.swift */; };
		FFF4C5421AE6A70700531021 /* BoardingPassSorter.swift in Sources */ = {isa = PBXBuildFile; fileRef = FFF4C5411AE6A70700531021 /* BoardingPassSorter.swift */; };
		FFF86EFD1B68B8AA001157CE /* BoardingTrainPass.swift in Sources */ = {isa = PBXBuildFile; fileRef = FFF86EFC1B68B8AA001157CE /* BoardingTrainPass.swift */; };
		FFFEF8AC1AC160C400FA7DF5 /* City.swift in Sources */ = {isa = PBXBuildFile; fileRef = FFFEF8AB1AC160C400FA7DF5 /* City.swift */; };
		FFFEF8AE1AC160EE00FA7DF5 /* BoardingBusPassTests.swift in Sources */ = {isa = PBXBuildFile; fileRef = FFFEF8AD1AC160EE00FA7DF5 /* BoardingBusPassTests.swift */; };
/* End PBXBuildFile section */

/* Begin PBXContainerItemProxy section */
		FFB3A3961AB817570012DB92 /* PBXContainerItemProxy */ = {
			isa = PBXContainerItemProxy;
			containerPortal = FFB3A3781AB817560012DB92 /* Project object */;
			proxyType = 1;
			remoteGlobalIDString = FFB3A37F1AB817570012DB92;
			remoteInfo = BoardingCards;
		};
/* End PBXContainerItemProxy section */

/* Begin PBXFileReference section */
		FF423E961B88635A003487B7 /* TrainTableViewCell.swift */ = {isa = PBXFileReference; fileEncoding = 4; lastKnownFileType = sourcecode.swift; name = TrainTableViewCell.swift; path = TableViewAdapter/Cells/TrainTableViewCell.swift; sourceTree = "<group>"; };
		FF423E991B889B84003487B7 /* BoardingBusPass.swift */ = {isa = PBXFileReference; fileEncoding = 4; lastKnownFileType = sourcecode.swift; name = BoardingBusPass.swift; path = Models/BoardingBusPass.swift; sourceTree = "<group>"; };
		FF423E9C1B889BA8003487B7 /* BoardingPlanePass.swift */ = {isa = PBXFileReference; fileEncoding = 4; lastKnownFileType = sourcecode.swift; name = BoardingPlanePass.swift; path = Models/BoardingPlanePass.swift; sourceTree = "<group>"; };
		FF423EA01B89C53E003487B7 /* AnyBoardingPass.swift */ = {isa = PBXFileReference; fileEncoding = 4; lastKnownFileType = sourcecode.swift; name = AnyBoardingPass.swift; path = Models/AnyBoardingPass.swift; sourceTree = "<group>"; };
		FF83023C1B16230000D1635B /* ListViewController.swift */ = {isa = PBXFileReference; fileEncoding = 4; lastKnownFileType = sourcecode.swift; name = ListViewController.swift; path = ViewControllers/List/ListViewController.swift; sourceTree = "<group>"; };
		FF8302401B162CD600D1635B /* PassTableViewAdapter.swift */ = {isa = PBXFileReference; fileEncoding = 4; lastKnownFileType = sourcecode.swift; name = PassTableViewAdapter.swift; path = TableViewAdapter/PassTableViewAdapter.swift; sourceTree = "<group>"; };
		FF8302421B162D8100D1635B /* TableViewAdapter.swift */ = {isa = PBXFileReference; fileEncoding = 4; lastKnownFileType = sourcecode.swift; name = TableViewAdapter.swift; path = TableViewAdapter/TableViewAdapter.swift; sourceTree = "<group>"; };
		FFA1F9751AD2971200F4F66E /* BoardingPassType.swift */ = {isa = PBXFileReference; fileEncoding = 4; lastKnownFileType = sourcecode.swift; name = BoardingPassType.swift; path = Models/BoardingPassType.swift; sourceTree = "<group>"; };
		FFA7B8D61B273FA5000C6A47 /* Section.swift */ = {isa = PBXFileReference; fileEncoding = 4; lastKnownFileType = sourcecode.swift; name = Section.swift; path = DataSource/Section.swift; sourceTree = "<group>"; };
		FFA7B8D71B273FA5000C6A47 /* SectionedDataSource.swift */ = {isa = PBXFileReference; fileEncoding = 4; lastKnownFileType = sourcecode.swift; name = SectionedDataSource.swift; path = DataSource/SectionedDataSource.swift; sourceTree = "<group>"; };
		FFA7B8D81B273FA5000C6A47 /* TableViewDataSource.swift */ = {isa = PBXFileReference; fileEncoding = 4; lastKnownFileType = sourcecode.swift; name = TableViewDataSource.swift; path = DataSource/TableViewDataSource.swift; sourceTree = "<group>"; };
		FFB3A3801AB817570012DB92 /* BoardingCards.app */ = {isa = PBXFileReference; explicitFileType = wrapper.application; includeInIndex = 0; path = BoardingCards.app; sourceTree = BUILT_PRODUCTS_DIR; };
		FFB3A3841AB817570012DB92 /* Info.plist */ = {isa = PBXFileReference; lastKnownFileType = text.plist.xml; path = Info.plist; sourceTree = "<group>"; };
		FFB3A3851AB817570012DB92 /* AppDelegate.swift */ = {isa = PBXFileReference; lastKnownFileType = sourcecode.swift; path = AppDelegate.swift; sourceTree = "<group>"; };
		FFB3A38C1AB817570012DB92 /* Images.xcassets */ = {isa = PBXFileReference; lastKnownFileType = folder.assetcatalog; path = Images.xcassets; sourceTree = "<group>"; };
		FFB3A3951AB817570012DB92 /* BoardingCardsTests.xctest */ = {isa = PBXFileReference; explicitFileType = wrapper.cfbundle; includeInIndex = 0; path = BoardingCardsTests.xctest; sourceTree = BUILT_PRODUCTS_DIR; };
		FFB3A39A1AB817570012DB92 /* Info.plist */ = {isa = PBXFileReference; lastKnownFileType = text.plist.xml; path = Info.plist; sourceTree = "<group>"; };
		FFF4C53A1AE66CCA00531021 /* BoardingPassGenerator.swift */ = {isa = PBXFileReference; fileEncoding = 4; lastKnownFileType = sourcecode.swift; name = BoardingPassGenerator.swift; path = Sorting/BoardingPassGenerator.swift; sourceTree = "<group>"; };
		FFF4C53D1AE66CEF00531021 /* BoardingPassGeneratorTests.swift */ = {isa = PBXFileReference; fileEncoding = 4; lastKnownFileType = sourcecode.swift; name = BoardingPassGeneratorTests.swift; path = Sorting/BoardingPassGeneratorTests.swift; sourceTree = "<group>"; };
		FFF4C53F1AE6A6EC00531021 /* BoardingPassSorterTests.swift */ = {isa = PBXFileReference; fileEncoding = 4; lastKnownFileType = sourcecode.swift; name = BoardingPassSorterTests.swift; path = Sorting/BoardingPassSorterTests.swift; sourceTree = "<group>"; };
		FFF4C5411AE6A70700531021 /* BoardingPassSorter.swift */ = {isa = PBXFileReference; fileEncoding = 4; lastKnownFileType = sourcecode.swift; name = BoardingPassSorter.swift; path = Sorting/BoardingPassSorter.swift; sourceTree = "<group>"; };
		FFF86EFC1B68B8AA001157CE /* BoardingTrainPass.swift */ = {isa = PBXFileReference; fileEncoding = 4; lastKnownFileType = sourcecode.swift; name = BoardingTrainPass.swift; path = Models/BoardingTrainPass.swift; sourceTree = "<group>"; };
		FFFEF8AB1AC160C400FA7DF5 /* City.swift */ = {isa = PBXFileReference; fileEncoding = 4; lastKnownFileType = sourcecode.swift; name = City.swift; path = Models/City.swift; sourceTree = "<group>"; };
		FFFEF8AD1AC160EE00FA7DF5 /* BoardingBusPassTests.swift */ = {isa = PBXFileReference; fileEncoding = 4; lastKnownFileType = sourcecode.swift; name = BoardingBusPassTests.swift; path = Models/BoardingBusPassTests.swift; sourceTree = "<group>"; };
/* End PBXFileReference section */

/* Begin PBXFrameworksBuildPhase section */
		FFB3A37D1AB817570012DB92 /* Frameworks */ = {
			isa = PBXFrameworksBuildPhase;
			buildActionMask = 2147483647;
			files = (
			);
			runOnlyForDeploymentPostprocessing = 0;
		};
		FFB3A3921AB817570012DB92 /* Frameworks */ = {
			isa = PBXFrameworksBuildPhase;
			buildActionMask = 2147483647;
			files = (
			);
			runOnlyForDeploymentPostprocessing = 0;
		};
/* End PBXFrameworksBuildPhase section */

/* Begin PBXGroup section */
		FF423E951B886323003487B7 /* Cells */ = {
			isa = PBXGroup;
			children = (
				FF423E961B88635A003487B7 /* TrainTableViewCell.swift */,
			);
			name = Cells;
			sourceTree = "<group>";
		};
		FF83023A1B1622C000D1635B /* ViewControllers */ = {
			isa = PBXGroup;
			children = (
				FF83023B1B1622D000D1635B /* List */,
			);
			name = ViewControllers;
			sourceTree = "<group>";
		};
		FF83023B1B1622D000D1635B /* List */ = {
			isa = PBXGroup;
			children = (
				FF83023C1B16230000D1635B /* ListViewController.swift */,
			);
			name = List;
			sourceTree = "<group>";
		};
		FF83023F1B162CA900D1635B /* TableViewAdapter */ = {
			isa = PBXGroup;
			children = (
				FF423E951B886323003487B7 /* Cells */,
				FF8302421B162D8100D1635B /* TableViewAdapter.swift */,
				FF8302401B162CD600D1635B /* PassTableViewAdapter.swift */,
			);
			name = TableViewAdapter;
			sourceTree = "<group>";
		};
		FFB3A3771AB817560012DB92 = {
			isa = PBXGroup;
			children = (
				FFB3A3821AB817570012DB92 /* BoardingCards */,
				FFB3A3981AB817570012DB92 /* BoardingCardsTests */,
				FFB3A3991AB817570012DB92 /* Supporting Files */,
				FFB3A3811AB817570012DB92 /* Products */,
			);
			sourceTree = "<group>";
		};
		FFB3A3811AB817570012DB92 /* Products */ = {
			isa = PBXGroup;
			children = (
				FFB3A3801AB817570012DB92 /* BoardingCards.app */,
				FFB3A3951AB817570012DB92 /* BoardingCardsTests.xctest */,
			);
			name = Products;
			sourceTree = "<group>";
		};
		FFB3A3821AB817570012DB92 /* BoardingCards */ = {
			isa = PBXGroup;
			children = (
				FFB511E21B1F4E7300103F09 /* DataSource */,
				FF83023F1B162CA900D1635B /* TableViewAdapter */,
				FF83023A1B1622C000D1635B /* ViewControllers */,
				FFF4C5391AE66CA600531021 /* Sorting */,
				FFFEF8A81AC1602A00FA7DF5 /* Models */,
				FFB3A3851AB817570012DB92 /* AppDelegate.swift */,
				FFB3A38C1AB817570012DB92 /* Images.xcassets */,
				FFB3A3831AB817570012DB92 /* Supporting Files */,
			);
			path = BoardingCards;
			sourceTree = "<group>";
		};
		FFB3A3831AB817570012DB92 /* Supporting Files */ = {
			isa = PBXGroup;
			children = (
				FFB3A3841AB817570012DB92 /* Info.plist */,
			);
			name = "Supporting Files";
			sourceTree = "<group>";
		};
		FFB3A3981AB817570012DB92 /* BoardingCardsTests */ = {
			isa = PBXGroup;
			children = (
				FFF4C53C1AE66CD100531021 /* Sorting */,
				FFFEF8AF1AC160F200FA7DF5 /* Models */,
			);
			path = BoardingCardsTests;
			sourceTree = "<group>";
		};
		FFB3A3991AB817570012DB92 /* Supporting Files */ = {
			isa = PBXGroup;
			children = (
				FFB3A39A1AB817570012DB92 /* Info.plist */,
			);
			name = "Supporting Files";
			path = BoardingCardsTests;
			sourceTree = "<group>";
		};
		FFB511E21B1F4E7300103F09 /* DataSource */ = {
			isa = PBXGroup;
			children = (
				FFA7B8D61B273FA5000C6A47 /* Section.swift */,
				FFA7B8D71B273FA5000C6A47 /* SectionedDataSource.swift */,
				FFA7B8D81B273FA5000C6A47 /* TableViewDataSource.swift */,
			);
			name = DataSource;
			sourceTree = "<group>";
		};
		FFF4C5391AE66CA600531021 /* Sorting */ = {
			isa = PBXGroup;
			children = (
				FFF4C53A1AE66CCA00531021 /* BoardingPassGenerator.swift */,
				FFF4C5411AE6A70700531021 /* BoardingPassSorter.swift */,
			);
			name = Sorting;
			sourceTree = "<group>";
		};
		FFF4C53C1AE66CD100531021 /* Sorting */ = {
			isa = PBXGroup;
			children = (
				FFF4C53D1AE66CEF00531021 /* BoardingPassGeneratorTests.swift */,
				FFF4C53F1AE6A6EC00531021 /* BoardingPassSorterTests.swift */,
			);
			name = Sorting;
			sourceTree = "<group>";
		};
		FFFEF8A81AC1602A00FA7DF5 /* Models */ = {
			isa = PBXGroup;
			children = (
				FFA1F9751AD2971200F4F66E /* BoardingPassType.swift */,
				FF423EA01B89C53E003487B7 /* AnyBoardingPass.swift */,
				FFF86EFC1B68B8AA001157CE /* BoardingTrainPass.swift */,
				FF423E991B889B84003487B7 /* BoardingBusPass.swift */,
				FF423E9C1B889BA8003487B7 /* BoardingPlanePass.swift */,
				FFFEF8AB1AC160C400FA7DF5 /* City.swift */,
			);
			name = Models;
			sourceTree = "<group>";
		};
		FFFEF8AF1AC160F200FA7DF5 /* Models */ = {
			isa = PBXGroup;
			children = (
				FFFEF8AD1AC160EE00FA7DF5 /* BoardingBusPassTests.swift */,
			);
			name = Models;
			sourceTree = "<group>";
		};
/* End PBXGroup section */

/* Begin PBXNativeTarget section */
		FFB3A37F1AB817570012DB92 /* BoardingCards */ = {
			isa = PBXNativeTarget;
			buildConfigurationList = FFB3A39F1AB817570012DB92 /* Build configuration list for PBXNativeTarget "BoardingCards" */;
			buildPhases = (
				FFB3A37C1AB817570012DB92 /* Sources */,
				FFB3A37D1AB817570012DB92 /* Frameworks */,
				FFB3A37E1AB817570012DB92 /* Resources */,
			);
			buildRules = (
			);
			dependencies = (
			);
			name = BoardingCards;
			productName = BoardingCards;
			productReference = FFB3A3801AB817570012DB92 /* BoardingCards.app */;
			productType = "com.apple.product-type.application";
		};
		FFB3A3941AB817570012DB92 /* BoardingCardsTests */ = {
			isa = PBXNativeTarget;
			buildConfigurationList = FFB3A3A21AB817570012DB92 /* Build configuration list for PBXNativeTarget "BoardingCardsTests" */;
			buildPhases = (
				FFB3A3911AB817570012DB92 /* Sources */,
				FFB3A3921AB817570012DB92 /* Frameworks */,
				FFB3A3931AB817570012DB92 /* Resources */,
			);
			buildRules = (
			);
			dependencies = (
				FFB3A3971AB817570012DB92 /* PBXTargetDependency */,
			);
			name = BoardingCardsTests;
			productName = BoardingCardsTests;
			productReference = FFB3A3951AB817570012DB92 /* BoardingCardsTests.xctest */;
			productType = "com.apple.product-type.bundle.unit-test";
		};
/* End PBXNativeTarget section */

/* Begin PBXProject section */
		FFB3A3781AB817560012DB92 /* Project object */ = {
			isa = PBXProject;
			attributes = {
				LastSwiftUpdateCheck = 0700;
				LastUpgradeCheck = 0700;
				ORGANIZATIONNAME = "Francisco J. Belchi";
				TargetAttributes = {
					FFB3A37F1AB817570012DB92 = {
						CreatedOnToolsVersion = 6.2;
					};
					FFB3A3941AB817570012DB92 = {
						CreatedOnToolsVersion = 6.2;
						TestTargetID = FFB3A37F1AB817570012DB92;
					};
				};
			};
			buildConfigurationList = FFB3A37B1AB817570012DB92 /* Build configuration list for PBXProject "BoardingCards" */;
			compatibilityVersion = "Xcode 3.2";
			developmentRegion = English;
			hasScannedForEncodings = 0;
			knownRegions = (
			);
			mainGroup = FFB3A3771AB817560012DB92;
			productRefGroup = FFB3A3811AB817570012DB92 /* Products */;
			projectDirPath = "";
			projectRoot = "";
			targets = (
				FFB3A37F1AB817570012DB92 /* BoardingCards */,
				FFB3A3941AB817570012DB92 /* BoardingCardsTests */,
			);
		};
/* End PBXProject section */

/* Begin PBXResourcesBuildPhase section */
		FFB3A37E1AB817570012DB92 /* Resources */ = {
			isa = PBXResourcesBuildPhase;
			buildActionMask = 2147483647;
			files = (
				FFB3A38D1AB817570012DB92 /* Images.xcassets in Resources */,
			);
			runOnlyForDeploymentPostprocessing = 0;
		};
		FFB3A3931AB817570012DB92 /* Resources */ = {
			isa = PBXResourcesBuildPhase;
			buildActionMask = 2147483647;
			files = (
			);
			runOnlyForDeploymentPostprocessing = 0;
		};
/* End PBXResourcesBuildPhase section */

/* Begin PBXSourcesBuildPhase section */
		FFB3A37C1AB817570012DB92 /* Sources */ = {
			isa = PBXSourcesBuildPhase;
			buildActionMask = 2147483647;
			files = (
				FF8302411B162CD600D1635B /* PassTableViewAdapter.swift in Sources */,
				FFA7B8DB1B273FA5000C6A47 /* SectionedDataSource.swift in Sources */,
				FFF86EFD1B68B8AA001157CE /* BoardingTrainPass.swift in Sources */,
				FFB3A3861AB817570012DB92 /* AppDelegate.swift in Sources */,
				FFF4C53B1AE66CCA00531021 /* BoardingPassGenerator.swift in Sources */,
				FF423EA11B89C53E003487B7 /* AnyBoardingPass.swift in Sources */,
				FFA1F9761AD2971200F4F66E /* BoardingPassType.swift in Sources */,
				FF423E971B88635A003487B7 /* TrainTableViewCell.swift in Sources */,
				FFF4C5421AE6A70700531021 /* BoardingPassSorter.swift in Sources */,
				FF8302431B162D8100D1635B /* TableViewAdapter.swift in Sources */,
				FFFEF8AC1AC160C400FA7DF5 /* City.swift in Sources */,
				FFA7B8DA1B273FA5000C6A47 /* Section.swift in Sources */,
				FF83023D1B16230000D1635B /* ListViewController.swift in Sources */,
				FF423E9A1B889B84003487B7 /* BoardingBusPass.swift in Sources */,
				FFA7B8DC1B273FA5000C6A47 /* TableViewDataSource.swift in Sources */,
				FF423E9D1B889BA8003487B7 /* BoardingPlanePass.swift in Sources */,
			);
			runOnlyForDeploymentPostprocessing = 0;
		};
		FFB3A3911AB817570012DB92 /* Sources */ = {
			isa = PBXSourcesBuildPhase;
			buildActionMask = 2147483647;
			files = (
				FFF4C5401AE6A6EC00531021 /* BoardingPassSorterTests.swift in Sources */,
				FFF4C53E1AE66CEF00531021 /* BoardingPassGeneratorTests.swift in Sources */,
				FFFEF8AE1AC160EE00FA7DF5 /* BoardingBusPassTests.swift in Sources */,
			);
			runOnlyForDeploymentPostprocessing = 0;
		};
/* End PBXSourcesBuildPhase section */

/* Begin PBXTargetDependency section */
		FFB3A3971AB817570012DB92 /* PBXTargetDependency */ = {
			isa = PBXTargetDependency;
			target = FFB3A37F1AB817570012DB92 /* BoardingCards */;
			targetProxy = FFB3A3961AB817570012DB92 /* PBXContainerItemProxy */;
		};
/* End PBXTargetDependency section */

/* Begin XCBuildConfiguration section */
		FFB3A39D1AB817570012DB92 /* Debug */ = {
			isa = XCBuildConfiguration;
			buildSettings = {
				ALWAYS_SEARCH_USER_PATHS = NO;
				CLANG_CXX_LANGUAGE_STANDARD = "gnu++0x";
				CLANG_CXX_LIBRARY = "libc++";
				CLANG_ENABLE_MODULES = YES;
				CLANG_ENABLE_OBJC_ARC = YES;
				CLANG_WARN_BOOL_CONVERSION = YES;
				CLANG_WARN_CONSTANT_CONVERSION = YES;
				CLANG_WARN_DIRECT_OBJC_ISA_USAGE = YES_ERROR;
				CLANG_WARN_EMPTY_BODY = YES;
				CLANG_WARN_ENUM_CONVERSION = YES;
				CLANG_WARN_INT_CONVERSION = YES;
				CLANG_WARN_OBJC_ROOT_CLASS = YES_ERROR;
				CLANG_WARN_UNREACHABLE_CODE = YES;
				CLANG_WARN__DUPLICATE_METHOD_MATCH = YES;
				"CODE_SIGN_IDENTITY[sdk=iphoneos*]" = "iPhone Developer";
				COPY_PHASE_STRIP = NO;
				ENABLE_STRICT_OBJC_MSGSEND = YES;
				ENABLE_TESTABILITY = YES;
				GCC_C_LANGUAGE_STANDARD = gnu99;
				GCC_DYNAMIC_NO_PIC = NO;
				GCC_OPTIMIZATION_LEVEL = 0;
				GCC_PREPROCESSOR_DEFINITIONS = (
					"DEBUG=1",
					"$(inherited)",
				);
				GCC_SYMBOLS_PRIVATE_EXTERN = NO;
				GCC_WARN_64_TO_32_BIT_CONVERSION = YES;
				GCC_WARN_ABOUT_RETURN_TYPE = YES_ERROR;
				GCC_WARN_UNDECLARED_SELECTOR = YES;
				GCC_WARN_UNINITIALIZED_AUTOS = YES_AGGRESSIVE;
				GCC_WARN_UNUSED_FUNCTION = YES;
				GCC_WARN_UNUSED_VARIABLE = YES;
				IPHONEOS_DEPLOYMENT_TARGET = 8.2;
				MTL_ENABLE_DEBUG_INFO = YES;
				ONLY_ACTIVE_ARCH = YES;
				SDKROOT = iphoneos;
				SWIFT_OPTIMIZATION_LEVEL = "-Onone";
				TARGETED_DEVICE_FAMILY = "1,2";
			};
			name = Debug;
		};
		FFB3A39E1AB817570012DB92 /* Release */ = {
			isa = XCBuildConfiguration;
			buildSettings = {
				ALWAYS_SEARCH_USER_PATHS = NO;
				CLANG_CXX_LANGUAGE_STANDARD = "gnu++0x";
				CLANG_CXX_LIBRARY = "libc++";
				CLANG_ENABLE_MODULES = YES;
				CLANG_ENABLE_OBJC_ARC = YES;
				CLANG_WARN_BOOL_CONVERSION = YES;
				CLANG_WARN_CONSTANT_CONVERSION = YES;
				CLANG_WARN_DIRECT_OBJC_ISA_USAGE = YES_ERROR;
				CLANG_WARN_EMPTY_BODY = YES;
				CLANG_WARN_ENUM_CONVERSION = YES;
				CLANG_WARN_INT_CONVERSION = YES;
				CLANG_WARN_OBJC_ROOT_CLASS = YES_ERROR;
				CLANG_WARN_UNREACHABLE_CODE = YES;
				CLANG_WARN__DUPLICATE_METHOD_MATCH = YES;
				"CODE_SIGN_IDENTITY[sdk=iphoneos*]" = "iPhone Developer";
				COPY_PHASE_STRIP = NO;
				ENABLE_NS_ASSERTIONS = NO;
				ENABLE_STRICT_OBJC_MSGSEND = YES;
				GCC_C_LANGUAGE_STANDARD = gnu99;
				GCC_WARN_64_TO_32_BIT_CONVERSION = YES;
				GCC_WARN_ABOUT_RETURN_TYPE = YES_ERROR;
				GCC_WARN_UNDECLARED_SELECTOR = YES;
				GCC_WARN_UNINITIALIZED_AUTOS = YES_AGGRESSIVE;
				GCC_WARN_UNUSED_FUNCTION = YES;
				GCC_WARN_UNUSED_VARIABLE = YES;
				IPHONEOS_DEPLOYMENT_TARGET = 8.2;
				MTL_ENABLE_DEBUG_INFO = NO;
				SDKROOT = iphoneos;
				TARGETED_DEVICE_FAMILY = "1,2";
				VALIDATE_PRODUCT = YES;
			};
			name = Release;
		};
		FFB3A3A01AB817570012DB92 /* Debug */ = {
			isa = XCBuildConfiguration;
			buildSettings = {
				ASSETCATALOG_COMPILER_APPICON_NAME = AppIcon;
				CLANG_ENABLE_MODULES = YES;
				INFOPLIST_FILE = BoardingCards/Info.plist;
				LD_RUNPATH_SEARCH_PATHS = "$(inherited) @executable_path/Frameworks";
				PRODUCT_BUNDLE_IDENTIFIER = "com.fjbelchi.$(PRODUCT_NAME:rfc1034identifier)";
				PRODUCT_NAME = "$(TARGET_NAME)";
				SWIFT_OPTIMIZATION_LEVEL = "-Onone";
			};
			name = Debug;
		};
		FFB3A3A11AB817570012DB92 /* Release */ = {
			isa = XCBuildConfiguration;
			buildSettings = {
				ASSETCATALOG_COMPILER_APPICON_NAME = AppIcon;
				CLANG_ENABLE_MODULES = YES;
				INFOPLIST_FILE = BoardingCards/Info.plist;
				LD_RUNPATH_SEARCH_PATHS = "$(inherited) @executable_path/Frameworks";
				PRODUCT_BUNDLE_IDENTIFIER = "com.fjbelchi.$(PRODUCT_NAME:rfc1034identifier)";
				PRODUCT_NAME = "$(TARGET_NAME)";
			};
			name = Release;
		};
		FFB3A3A31AB817570012DB92 /* Debug */ = {
			isa = XCBuildConfiguration;
			buildSettings = {
				BUNDLE_LOADER = "$(TEST_HOST)";
				FRAMEWORK_SEARCH_PATHS = (
					"$(SDKROOT)/Developer/Library/Frameworks",
					"$(inherited)",
				);
				GCC_PREPROCESSOR_DEFINITIONS = (
					"DEBUG=1",
					"$(inherited)",
				);
				INFOPLIST_FILE = BoardingCardsTests/Info.plist;
				LD_RUNPATH_SEARCH_PATHS = "$(inherited) @executable_path/Frameworks @loader_path/Frameworks";
				PRODUCT_BUNDLE_IDENTIFIER = "com.fjbelchi.$(PRODUCT_NAME:rfc1034identifier)";
				PRODUCT_NAME = "$(TARGET_NAME)";
				TEST_HOST = "$(BUILT_PRODUCTS_DIR)/BoardingCards.app/BoardingCards";
			};
			name = Debug;
		};
		FFB3A3A41AB817570012DB92 /* Release */ = {
			isa = XCBuildConfiguration;
			buildSettings = {
				BUNDLE_LOADER = "$(TEST_HOST)";
				FRAMEWORK_SEARCH_PATHS = (
					"$(SDKROOT)/Developer/Library/Frameworks",
					"$(inherited)",
				);
				INFOPLIST_FILE = BoardingCardsTests/Info.plist;
				LD_RUNPATH_SEARCH_PATHS = "$(inherited) @executable_path/Frameworks @loader_path/Frameworks";
				PRODUCT_BUNDLE_IDENTIFIER = "com.fjbelchi.$(PRODUCT_NAME:rfc1034identifier)";
				PRODUCT_NAME = "$(TARGET_NAME)";
				TEST_HOST = "$(BUILT_PRODUCTS_DIR)/BoardingCards.app/BoardingCards";
			};
			name = Release;
		};
/* End XCBuildConfiguration section */

/* Begin XCConfigurationList section */
		FFB3A37B1AB817570012DB92 /* Build configuration list for PBXProject "BoardingCards" */ = {
			isa = XCConfigurationList;
			buildConfigurations = (
				FFB3A39D1AB817570012DB92 /* Debug */,
				FFB3A39E1AB817570012DB92 /* Release */,
			);
			defaultConfigurationIsVisible = 0;
			defaultConfigurationName = Release;
		};
		FFB3A39F1AB817570012DB92 /* Build configuration list for PBXNativeTarget "BoardingCards" */ = {
			isa = XCConfigurationList;
			buildConfigurations = (
				FFB3A3A01AB817570012DB92 /* Debug */,
				FFB3A3A11AB817570012DB92 /* Release */,
			);
			defaultConfigurationIsVisible = 0;
			defaultConfigurationName = Release;
		};
		FFB3A3A21AB817570012DB92 /* Build configuration list for PBXNativeTarget "BoardingCardsTests" */ = {
			isa = XCConfigurationList;
			buildConfigurations = (
				FFB3A3A31AB817570012DB92 /* Debug */,
				FFB3A3A41AB817570012DB92 /* Release */,
			);
			defaultConfigurationIsVisible = 0;
			defaultConfigurationName = Release;
		};
/* End XCConfigurationList section */
	};
	rootObject = FFB3A3781AB817560012DB92 /* Project object */;
}
